# THIS IS AN AUTOGENERATED FILE. DO NOT EDIT THIS FILE DIRECTLY.
# yarn lockfile v1


"@types/accounting@^0.4.1":
  version "0.4.1"
  resolved "https://registry.yarnpkg.com/@types/accounting/-/accounting-0.4.1.tgz#865d9f5694fd7c438fba34eb4bc82eec6f34cdd5"
  integrity sha512-qIN2yvRFvTtUtzG3bs7NKnsqHCPwRIIZMvBNWxiyF4LfOBMhwbwmsefqOt1T7KfkvCgOOxWYVqvlnKKZARSHgg==

"@types/node@^14.6.1":
  version "14.6.1"
  resolved "https://registry.yarnpkg.com/@types/node/-/node-14.6.1.tgz#fdf6f6c6c73d3d8eee9c98a9a0485bc524b048d7"
  integrity sha512-HnYlg/BRF8uC1FyKRFZwRaCPTPYKa+6I8QiUZFLredaGOou481cgFS4wKRFyKvQtX8xudqkSdBczJHIYSQYKrQ==

"@types/numeral@^0.0.28":
  version "0.0.28"
  resolved "https://registry.yarnpkg.com/@types/numeral/-/numeral-0.0.28.tgz#e43928f0bda10b169b6f7ecf99e3ddf836b8ebe4"
  integrity sha512-Sjsy10w6XFHDktJJdXzBJmoondAKW+LcGpRFH+9+zXEDj0cOH8BxJuZA9vUDSMAzU1YRJlsPKmZEEiTYDlICLw==

accounting@^0.4.1:
  version "0.4.1"
  resolved "https://registry.yarnpkg.com/accounting/-/accounting-0.4.1.tgz#87dd4103eff7f4460f1e186f5c677ed6cf566883"
  integrity sha1-h91BA+/39EYPHhhvXGd+1s9WaIM=

arg@^4.1.0:
  version "4.1.3"
  resolved "https://registry.yarnpkg.com/arg/-/arg-4.1.3.tgz#269fc7ad5b8e42cb63c896d5666017261c144089"
  integrity sha512-58S9QDqG0Xx27YwPSt9fJxivjYl432YCwfDMfZ+71RAqUrZef7LrKQZ3LHLOwCS4FLNBplP533Zx895SeOCHvA==

axios@^0.20.0:
  version "0.20.0"
  resolved "https://registry.yarnpkg.com/axios/-/axios-0.20.0.tgz#057ba30f04884694993a8cd07fa394cff11c50bd"
  integrity sha512-ANA4rr2BDcmmAQLOKft2fufrtuvlqR+cXNNinUmvfeSNCOF98PZL+7M/v1zIdGo7OLjEA9J2gXJL+j4zGsl0bA==
  dependencies:
    follow-redirects "^1.10.0"

buffer-from@^1.0.0:
  version "1.1.1"
  resolved "https://registry.yarnpkg.com/buffer-from/-/buffer-from-1.1.1.tgz#32713bc028f75c02fdb710d7c7bcec1f2c6070ef"
  integrity sha512-MQcXEUbCKtEo7bhqEs6560Hyd4XaovZlO/k9V3hjVUF/zwW7KBVdSK4gIt/bzwS9MbR5qob+F5jusZsb0YQK2A==

currency-codes@^2.1.0:
  version "2.1.0"
  resolved "https://registry.yarnpkg.com/currency-codes/-/currency-codes-2.1.0.tgz#6d84a1b7fec70ecb9ef64e57bf60f4271899044c"
  integrity sha512-aASwFNP8VjZ0y0PWlSW7c9N/isYTLxK6OCbm7aVuQMk7dWO2zgup9KGiFQgeL9OGL5P/ulvCHcjQizmuEeZXtw==
  dependencies:
    first-match "~0.0.1"
    nub "~0.0.0"

diacritics@1.3.0:
  version "1.3.0"
  resolved "https://registry.yarnpkg.com/diacritics/-/diacritics-1.3.0.tgz#3efa87323ebb863e6696cebb0082d48ff3d6f7a1"
  integrity sha1-PvqHMj67hj5mls67AILUj/PW96E=

diff@^4.0.1:
  version "4.0.2"
  resolved "https://registry.yarnpkg.com/diff/-/diff-4.0.2.tgz#60f3aecb89d5fae520c11aa19efc2bb982aade7d"
  integrity sha512-58lmxKSA4BNyLz+HHMUzlOEpg09FV+ev6ZMe3vJihgdxzgcwZ8VoEEPmALCZG9LmqfVoNMMKpttIYTVG6uDY7A==

dotenv@^8.2.0:
  version "8.2.0"
  resolved "https://registry.yarnpkg.com/dotenv/-/dotenv-8.2.0.tgz#97e619259ada750eea3e4ea3e26bceea5424b16a"
  integrity sha512-8sJ78ElpbDJBHNeBzUbUVLsqKdccaa/BXF1uPTw3GrvQTBgrQrtObr2mUrE38vzYd8cEv+m/JBfDLioYcfXoaw==

first-match@~0.0.1:
  version "0.0.1"
  resolved "https://registry.yarnpkg.com/first-match/-/first-match-0.0.1.tgz#a60ec642700f0f437234ebb7ec3f382476e542fd"
  integrity sha1-pg7GQnAPD0NyNOu37D84JHblQv0=

follow-redirects@^1.10.0:
  version "1.13.0"
  resolved "https://registry.yarnpkg.com/follow-redirects/-/follow-redirects-1.13.0.tgz#b42e8d93a2a7eea5ed88633676d6597bc8e384db"
  integrity sha512-aq6gF1BEKje4a9i9+5jimNFIpq4Q1WiwBToeRK5NvZBd/TRsmW8BsJfOEGkr76TbOyPVD3OVDN910EcUNtRYEA==

geolib@^3.3.1:
  version "3.3.1"
  resolved "https://registry.yarnpkg.com/geolib/-/geolib-3.3.1.tgz#f144a53b6a6858e81111ff71d137318389927611"
  integrity sha512-sfahBXFcgELdpumDZV5b3KWiINkZxC5myAkLk067UUcTmTXaiE9SWmxMEHztn/Eus4JX6kesHxaIuZlniYgUtg==

i18n-iso-countries@^6.0.0:
  version "6.0.0"
  resolved "https://registry.yarnpkg.com/i18n-iso-countries/-/i18n-iso-countries-6.0.0.tgz#b707941d4cce34c9d5f21033c6cc733acbbbd7b8"
  integrity sha512-2YOLRUNrnOq/sVchB6PfOgZ4E0rRMfxxy+QMhjv+2fiJHMidmmmb24UPHwXmzxyybB8mFPU+/uE46ebLOJIrpQ==
  dependencies:
    diacritics "1.3.0"

make-error@^1.1.1:
  version "1.3.6"
  resolved "https://registry.yarnpkg.com/make-error/-/make-error-1.3.6.tgz#2eb2e37ea9b67c4891f684a1394799af484cf7a2"
  integrity sha512-s8UhlNe7vPKomQhC1qFelMokr/Sc3AgNbso3n74mVPA5LTZwkB9NlXf4XPamLxJE8h0gh73rM94xvwRT2CVInw==

moment@^2.27.0:
  version "2.27.0"
  resolved "https://registry.yarnpkg.com/moment/-/moment-2.27.0.tgz#8bff4e3e26a236220dfe3e36de756b6ebaa0105d"
  integrity sha512-al0MUK7cpIcglMv3YF13qSgdAIqxHTO7brRtaz3DlSULbqfazqkc5kEjNrLDOM7fsjshoFIihnU8snrP7zUvhQ==

nub@~0.0.0:
  version "0.0.0"
  resolved "https://registry.yarnpkg.com/nub/-/nub-0.0.0.tgz#b369bd32bdde66af59605c3b0520bc219dccc04f"
  integrity sha1-s2m9Mr3eZq9ZYFw7BSC8IZ3MwE8=

numeral@^2.0.6:
  version "2.0.6"
  resolved "https://registry.yarnpkg.com/numeral/-/numeral-2.0.6.tgz#4ad080936d443c2561aed9f2197efffe25f4e506"
  integrity sha1-StCAk21EPCVhrtnyGX7//iX05QY=

source-map-support@^0.5.17:
  version "0.5.19"
  resolved "https://registry.yarnpkg.com/source-map-support/-/source-map-support-0.5.19.tgz#a98b62f86dcaf4f67399648c085291ab9e8fed61"
  integrity sha512-Wonm7zOCIJzBGQdB+thsPar0kYuCIzYvxZwlBa87yi/Mdjv7Tip2cyVbLj5o0cFPN4EVkuTwb3GDDyUx2DGnGw==
  dependencies:
    buffer-from "^1.0.0"
    source-map "^0.6.0"

source-map@^0.6.0:
  version "0.6.1"
  resolved "https://registry.yarnpkg.com/source-map/-/source-map-0.6.1.tgz#74722af32e9614e9c287a8d0bbde48b5e2f1a263"
  integrity sha512-UjgapumWlbMhkBgzT7Ykc5YXUT46F0iKu8SGXq0bcwP5dz/h0Plj6enJqjz1Zbq2l5WaqYnrVbwWOWMyF3F47g==

ts-node@^9.0.0:
  version "9.0.0"
  resolved "https://registry.yarnpkg.com/ts-node/-/ts-node-9.0.0.tgz#e7699d2a110cc8c0d3b831715e417688683460b3"
  integrity sha512-/TqB4SnererCDR/vb4S/QvSZvzQMJN8daAslg7MeaiHvD8rDZsSfXmNeNumyZZzMned72Xoq/isQljYSt8Ynfg==
  dependencies:
    arg "^4.1.0"
    diff "^4.0.1"
    make-error "^1.1.1"
    source-map-support "^0.5.17"
    yn "3.1.1"

typescript@^4.0.2:
  version "4.0.2"
  resolved "https://registry.yarnpkg.com/typescript/-/typescript-4.0.2.tgz#7ea7c88777c723c681e33bf7988be5d008d05ac2"
  integrity sha512-e4ERvRV2wb+rRZ/IQeb3jm2VxBsirQLpQhdxplZ2MEzGvDkkMmPglecnNDfSUBivMjP93vRbngYYDQqQ/78bcQ==

usa-states@^0.0.5:
  version "0.0.5"
  resolved "https://registry.yarnpkg.com/usa-states/-/usa-states-0.0.5.tgz#3a88c972def5345ae9b87186fc4402385b861bb7"
  integrity sha1-OojJct71NFrpuHGG/EQCOFuGG7c=

yn@3.1.1:
  version "3.1.1"
  resolved "https://registry.yarnpkg.com/yn/-/yn-3.1.1.tgz#1e87401a09d767c1d5eab26a6e4c185182d2eb50"
  integrity sha512-Ux4ygGWsu2c7isFWe8Yu1YluJmqVhxqK2cLXNQA5AcC3QfbGNpM7fu0Y8b/z16pXLnFxZYvWhd3fhBY9DLmC6Q==
